
Microsoft Visual Studio Solution File, Format Version 12.00
# Visual Studio Version 17
VisualStudioVersion = 17.2.32630.192
MinimumVisualStudioVersion = 10.0.40219.1
Project("{9A19103F-16F7-4668-BE54-9A1E7A4F7556}") = "Proje05_Metinsel_Metodlar", "Proje05_Metinsel_Metodlar.csproj", "{90E34CFA-C976-4D92-8847-6770B03083A5}"
EndProject
Global
	GlobalSection(SolutionConfigurationPlatforms) = preSolution
		Debug|Any CPU = Debug|Any CPU
		Release|Any CPU = Release|Any CPU
	EndGlobalSection
	GlobalSection(ProjectConfigurationPlatforms) = postSolution
		{90E34CFA-C976-4D92-8847-6770B03083A5}.Debug|Any CPU.ActiveCfg = Debug|Any CPU
		{90E34CFA-C976-4D92-8847-6770B03083A5}.Debug|Any CPU.Build.0 = Debug|Any CPU
		{90E34CFA-C976-4D92-8847-6770B03083A5}.Release|Any CPU.ActiveCfg = Release|Any CPU
		{90E34CFA-C976-4D92-8847-6770B03083A5}.Release|Any CPU.Build.0 = Release|Any CPU
	EndGlobalSection
	GlobalSection(SolutionProperties) = preSolution
		HideSolutionNode = FALSE
	EndGlobalSection
	GlobalSection(ExtensibilityGlobals) = postSolution
		SolutionGuid = {4121F784-88ED-4267-BD68-E02D8F00ADEB}
	EndGlobalSection
EndGlobal
