
Microsoft Visual Studio Solution File, Format Version 12.00
# Visual Studio Version 17
VisualStudioVersion = 17.2.32630.192
MinimumVisualStudioVersion = 10.0.40219.1
Project("{FAE04EC0-301F-11D3-BF4B-00C04F79EFBC}") = "Proje07_Tarih_Metotlari", "Proje07_Tarih_Metotlari.csproj", "{0E8187E8-546C-4E65-AEF5-5F880EB0DE34}"
EndProject
Global
	GlobalSection(SolutionConfigurationPlatforms) = preSolution
		Debug|Any CPU = Debug|Any CPU
		Release|Any CPU = Release|Any CPU
	EndGlobalSection
	GlobalSection(ProjectConfigurationPlatforms) = postSolution
		{0E8187E8-546C-4E65-AEF5-5F880EB0DE34}.Debug|Any CPU.ActiveCfg = Debug|Any CPU
		{0E8187E8-546C-4E65-AEF5-5F880EB0DE34}.Debug|Any CPU.Build.0 = Debug|Any CPU
		{0E8187E8-546C-4E65-AEF5-5F880EB0DE34}.Release|Any CPU.ActiveCfg = Release|Any CPU
		{0E8187E8-546C-4E65-AEF5-5F880EB0DE34}.Release|Any CPU.Build.0 = Release|Any CPU
	EndGlobalSection
	GlobalSection(SolutionProperties) = preSolution
		HideSolutionNode = FALSE
	EndGlobalSection
	GlobalSection(ExtensibilityGlobals) = postSolution
		SolutionGuid = {BFE081FB-1D88-445B-A0D4-2F734FC63BD1}
	EndGlobalSection
EndGlobal
