
Microsoft Visual Studio Solution File, Format Version 12.00
# Visual Studio Version 17
VisualStudioVersion = 17.3.32929.385
MinimumVisualStudioVersion = 10.0.40219.1
Project("{9A19103F-16F7-4668-BE54-9A1E7A4F7556}") = "P04_VeriErisimSinifi", "P04_VeriErisimSinifi.csproj", "{7D1B75BA-0157-42FE-BA34-3494E0E39FAC}"
EndProject
Global
	GlobalSection(SolutionConfigurationPlatforms) = preSolution
		Debug|Any CPU = Debug|Any CPU
		Release|Any CPU = Release|Any CPU
	EndGlobalSection
	GlobalSection(ProjectConfigurationPlatforms) = postSolution
		{7D1B75BA-0157-42FE-BA34-3494E0E39FAC}.Debug|Any CPU.ActiveCfg = Debug|Any CPU
		{7D1B75BA-0157-42FE-BA34-3494E0E39FAC}.Debug|Any CPU.Build.0 = Debug|Any CPU
		{7D1B75BA-0157-42FE-BA34-3494E0E39FAC}.Release|Any CPU.ActiveCfg = Release|Any CPU
		{7D1B75BA-0157-42FE-BA34-3494E0E39FAC}.Release|Any CPU.Build.0 = Release|Any CPU
	EndGlobalSection
	GlobalSection(SolutionProperties) = preSolution
		HideSolutionNode = FALSE
	EndGlobalSection
	GlobalSection(ExtensibilityGlobals) = postSolution
		SolutionGuid = {15E020C9-A25C-427B-A8EA-694A04760975}
	EndGlobalSection
EndGlobal
