
Microsoft Visual Studio Solution File, Format Version 12.00
# Visual Studio Version 17
VisualStudioVersion = 17.0.31903.59
MinimumVisualStudioVersion = 10.0.40219.1
Project("{FAE04EC0-301F-11D3-BF4B-00C04F79EFBC}") = "BlogApp.Data", "BlogApp.Data\BlogApp.Data.csproj", "{BE6C759E-5F1E-470B-850F-280691EFCED2}"
EndProject
Project("{FAE04EC0-301F-11D3-BF4B-00C04F79EFBC}") = "BlogApp.Entities", "BlogApp.Entities\BlogApp.Entities.csproj", "{90875931-D8A5-4A6E-A79F-3F94CC7603CB}"
EndProject
Project("{FAE04EC0-301F-11D3-BF4B-00C04F79EFBC}") = "BlogApp.Mvc", "BlogApp.Mvc\BlogApp.Mvc.csproj", "{7CDC8D3F-BE6E-4ABB-BADA-4A1A534AE61B}"
EndProject
Project("{FAE04EC0-301F-11D3-BF4B-00C04F79EFBC}") = "BlogApp.Services", "BlogApp.Services\BlogApp.Services.csproj", "{E3564D00-3E75-4C74-AA01-6805E3B851C7}"
EndProject
Project("{FAE04EC0-301F-11D3-BF4B-00C04F79EFBC}") = "BlogApp.Shared", "BlogApp.Shared\BlogApp.Shared.csproj", "{FCEE7C5D-15B2-4081-9DF8-2633F3303848}"
EndProject
Global
	GlobalSection(SolutionConfigurationPlatforms) = preSolution
		Debug|Any CPU = Debug|Any CPU
		Release|Any CPU = Release|Any CPU
	EndGlobalSection
	GlobalSection(SolutionProperties) = preSolution
		HideSolutionNode = FALSE
	EndGlobalSection
	GlobalSection(ProjectConfigurationPlatforms) = postSolution
		{BE6C759E-5F1E-470B-850F-280691EFCED2}.Debug|Any CPU.ActiveCfg = Debug|Any CPU
		{BE6C759E-5F1E-470B-850F-280691EFCED2}.Debug|Any CPU.Build.0 = Debug|Any CPU
		{BE6C759E-5F1E-470B-850F-280691EFCED2}.Release|Any CPU.ActiveCfg = Release|Any CPU
		{BE6C759E-5F1E-470B-850F-280691EFCED2}.Release|Any CPU.Build.0 = Release|Any CPU
		{90875931-D8A5-4A6E-A79F-3F94CC7603CB}.Debug|Any CPU.ActiveCfg = Debug|Any CPU
		{90875931-D8A5-4A6E-A79F-3F94CC7603CB}.Debug|Any CPU.Build.0 = Debug|Any CPU
		{90875931-D8A5-4A6E-A79F-3F94CC7603CB}.Release|Any CPU.ActiveCfg = Release|Any CPU
		{90875931-D8A5-4A6E-A79F-3F94CC7603CB}.Release|Any CPU.Build.0 = Release|Any CPU
		{7CDC8D3F-BE6E-4ABB-BADA-4A1A534AE61B}.Debug|Any CPU.ActiveCfg = Debug|Any CPU
		{7CDC8D3F-BE6E-4ABB-BADA-4A1A534AE61B}.Debug|Any CPU.Build.0 = Debug|Any CPU
		{7CDC8D3F-BE6E-4ABB-BADA-4A1A534AE61B}.Release|Any CPU.ActiveCfg = Release|Any CPU
		{7CDC8D3F-BE6E-4ABB-BADA-4A1A534AE61B}.Release|Any CPU.Build.0 = Release|Any CPU
		{E3564D00-3E75-4C74-AA01-6805E3B851C7}.Debug|Any CPU.ActiveCfg = Debug|Any CPU
		{E3564D00-3E75-4C74-AA01-6805E3B851C7}.Debug|Any CPU.Build.0 = Debug|Any CPU
		{E3564D00-3E75-4C74-AA01-6805E3B851C7}.Release|Any CPU.ActiveCfg = Release|Any CPU
		{E3564D00-3E75-4C74-AA01-6805E3B851C7}.Release|Any CPU.Build.0 = Release|Any CPU
		{FCEE7C5D-15B2-4081-9DF8-2633F3303848}.Debug|Any CPU.ActiveCfg = Debug|Any CPU
		{FCEE7C5D-15B2-4081-9DF8-2633F3303848}.Debug|Any CPU.Build.0 = Debug|Any CPU
		{FCEE7C5D-15B2-4081-9DF8-2633F3303848}.Release|Any CPU.ActiveCfg = Release|Any CPU
		{FCEE7C5D-15B2-4081-9DF8-2633F3303848}.Release|Any CPU.Build.0 = Release|Any CPU
	EndGlobalSection
EndGlobal
