
Microsoft Visual Studio Solution File, Format Version 12.00
# Visual Studio Version 17
VisualStudioVersion = 17.4.33205.214
MinimumVisualStudioVersion = 10.0.40219.1
Project("{FAE04EC0-301F-11D3-BF4B-00C04F79EFBC}") = "GetCountriesFromApi", "GetCountriesFromApi.csproj", "{4150C71B-EAD5-4D3B-8BDE-C6E1BD16265D}"
EndProject
Global
	GlobalSection(SolutionConfigurationPlatforms) = preSolution
		Debug|Any CPU = Debug|Any CPU
		Release|Any CPU = Release|Any CPU
	EndGlobalSection
	GlobalSection(ProjectConfigurationPlatforms) = postSolution
		{4150C71B-EAD5-4D3B-8BDE-C6E1BD16265D}.Debug|Any CPU.ActiveCfg = Debug|Any CPU
		{4150C71B-EAD5-4D3B-8BDE-C6E1BD16265D}.Debug|Any CPU.Build.0 = Debug|Any CPU
		{4150C71B-EAD5-4D3B-8BDE-C6E1BD16265D}.Release|Any CPU.ActiveCfg = Release|Any CPU
		{4150C71B-EAD5-4D3B-8BDE-C6E1BD16265D}.Release|Any CPU.Build.0 = Release|Any CPU
	EndGlobalSection
	GlobalSection(SolutionProperties) = preSolution
		HideSolutionNode = FALSE
	EndGlobalSection
	GlobalSection(ExtensibilityGlobals) = postSolution
		SolutionGuid = {DD1E1860-F679-4D2B-A61B-C12F5C68BB60}
	EndGlobalSection
EndGlobal
