
Microsoft Visual Studio Solution File, Format Version 12.00
# Visual Studio Version 17
VisualStudioVersion = 17.4.33205.214
MinimumVisualStudioVersion = 10.0.40219.1
Project("{FAE04EC0-301F-11D3-BF4B-00C04F79EFBC}") = "Solid_DependencyInversion", "Solid_DependencyInversion.csproj", "{09E27A72-521D-4228-9897-1AE9B9A2E9CF}"
EndProject
Global
	GlobalSection(SolutionConfigurationPlatforms) = preSolution
		Debug|Any CPU = Debug|Any CPU
		Release|Any CPU = Release|Any CPU
	EndGlobalSection
	GlobalSection(ProjectConfigurationPlatforms) = postSolution
		{09E27A72-521D-4228-9897-1AE9B9A2E9CF}.Debug|Any CPU.ActiveCfg = Debug|Any CPU
		{09E27A72-521D-4228-9897-1AE9B9A2E9CF}.Debug|Any CPU.Build.0 = Debug|Any CPU
		{09E27A72-521D-4228-9897-1AE9B9A2E9CF}.Release|Any CPU.ActiveCfg = Release|Any CPU
		{09E27A72-521D-4228-9897-1AE9B9A2E9CF}.Release|Any CPU.Build.0 = Release|Any CPU
	EndGlobalSection
	GlobalSection(SolutionProperties) = preSolution
		HideSolutionNode = FALSE
	EndGlobalSection
	GlobalSection(ExtensibilityGlobals) = postSolution
		SolutionGuid = {7CEA381D-1A24-4F97-8000-8BB7D660A946}
	EndGlobalSection
EndGlobal
