
Microsoft Visual Studio Solution File, Format Version 12.00
# Visual Studio Version 17
VisualStudioVersion = 17.4.33205.214
MinimumVisualStudioVersion = 10.0.40219.1
Project("{FAE04EC0-301F-11D3-BF4B-00C04F79EFBC}") = "Solid03_OpenClosed", "Solid03_OpenClosed.csproj", "{F30F2B2C-314F-4E72-9FEA-69DEAED8B8E9}"
EndProject
Global
	GlobalSection(SolutionConfigurationPlatforms) = preSolution
		Debug|Any CPU = Debug|Any CPU
		Release|Any CPU = Release|Any CPU
	EndGlobalSection
	GlobalSection(ProjectConfigurationPlatforms) = postSolution
		{F30F2B2C-314F-4E72-9FEA-69DEAED8B8E9}.Debug|Any CPU.ActiveCfg = Debug|Any CPU
		{F30F2B2C-314F-4E72-9FEA-69DEAED8B8E9}.Debug|Any CPU.Build.0 = Debug|Any CPU
		{F30F2B2C-314F-4E72-9FEA-69DEAED8B8E9}.Release|Any CPU.ActiveCfg = Release|Any CPU
		{F30F2B2C-314F-4E72-9FEA-69DEAED8B8E9}.Release|Any CPU.Build.0 = Release|Any CPU
	EndGlobalSection
	GlobalSection(SolutionProperties) = preSolution
		HideSolutionNode = FALSE
	EndGlobalSection
	GlobalSection(ExtensibilityGlobals) = postSolution
		SolutionGuid = {AA30DD63-CB61-40D7-AFC1-C4957BDA310B}
	EndGlobalSection
EndGlobal
