
Microsoft Visual Studio Solution File, Format Version 12.00
# Visual Studio Version 17
VisualStudioVersion = 17.4.33110.190
MinimumVisualStudioVersion = 10.0.40219.1
Project("{FAE04EC0-301F-11D3-BF4B-00C04F79EFBC}") = "BlogApp.Entities", "BlogApp.Entities\BlogApp.Entities.csproj", "{180168AB-0382-4F69-942A-327BDBDFBC18}"
EndProject
Project("{FAE04EC0-301F-11D3-BF4B-00C04F79EFBC}") = "BlogApp.Data", "BlogApp.Data\BlogApp.Data.csproj", "{5597A56C-0DCA-49BC-9508-51BBAFA6409F}"
EndProject
Project("{FAE04EC0-301F-11D3-BF4B-00C04F79EFBC}") = "BlogApp.Service", "BlogApp.Service\BlogApp.Service.csproj", "{86FAC505-E844-4D2F-96AF-B3401B46AACD}"
EndProject
Project("{FAE04EC0-301F-11D3-BF4B-00C04F79EFBC}") = "BlogApp.Shared", "BlogApp.Shared\BlogApp.Shared.csproj", "{8BABC50A-3C74-4BBC-BDD9-38172271342B}"
EndProject
Project("{FAE04EC0-301F-11D3-BF4B-00C04F79EFBC}") = "BlogApp.Mvc", "BlogApp.Mvc\BlogApp.Mvc.csproj", "{CDE8BBA2-91FC-471D-BE46-996A83ACF95B}"
EndProject
Global
	GlobalSection(SolutionConfigurationPlatforms) = preSolution
		Debug|Any CPU = Debug|Any CPU
		Release|Any CPU = Release|Any CPU
	EndGlobalSection
	GlobalSection(ProjectConfigurationPlatforms) = postSolution
		{180168AB-0382-4F69-942A-327BDBDFBC18}.Debug|Any CPU.ActiveCfg = Debug|Any CPU
		{180168AB-0382-4F69-942A-327BDBDFBC18}.Debug|Any CPU.Build.0 = Debug|Any CPU
		{180168AB-0382-4F69-942A-327BDBDFBC18}.Release|Any CPU.ActiveCfg = Release|Any CPU
		{180168AB-0382-4F69-942A-327BDBDFBC18}.Release|Any CPU.Build.0 = Release|Any CPU
		{5597A56C-0DCA-49BC-9508-51BBAFA6409F}.Debug|Any CPU.ActiveCfg = Debug|Any CPU
		{5597A56C-0DCA-49BC-9508-51BBAFA6409F}.Debug|Any CPU.Build.0 = Debug|Any CPU
		{5597A56C-0DCA-49BC-9508-51BBAFA6409F}.Release|Any CPU.ActiveCfg = Release|Any CPU
		{5597A56C-0DCA-49BC-9508-51BBAFA6409F}.Release|Any CPU.Build.0 = Release|Any CPU
		{86FAC505-E844-4D2F-96AF-B3401B46AACD}.Debug|Any CPU.ActiveCfg = Debug|Any CPU
		{86FAC505-E844-4D2F-96AF-B3401B46AACD}.Debug|Any CPU.Build.0 = Debug|Any CPU
		{86FAC505-E844-4D2F-96AF-B3401B46AACD}.Release|Any CPU.ActiveCfg = Release|Any CPU
		{86FAC505-E844-4D2F-96AF-B3401B46AACD}.Release|Any CPU.Build.0 = Release|Any CPU
		{8BABC50A-3C74-4BBC-BDD9-38172271342B}.Debug|Any CPU.ActiveCfg = Debug|Any CPU
		{8BABC50A-3C74-4BBC-BDD9-38172271342B}.Debug|Any CPU.Build.0 = Debug|Any CPU
		{8BABC50A-3C74-4BBC-BDD9-38172271342B}.Release|Any CPU.ActiveCfg = Release|Any CPU
		{8BABC50A-3C74-4BBC-BDD9-38172271342B}.Release|Any CPU.Build.0 = Release|Any CPU
		{CDE8BBA2-91FC-471D-BE46-996A83ACF95B}.Debug|Any CPU.ActiveCfg = Debug|Any CPU
		{CDE8BBA2-91FC-471D-BE46-996A83ACF95B}.Debug|Any CPU.Build.0 = Debug|Any CPU
		{CDE8BBA2-91FC-471D-BE46-996A83ACF95B}.Release|Any CPU.ActiveCfg = Release|Any CPU
		{CDE8BBA2-91FC-471D-BE46-996A83ACF95B}.Release|Any CPU.Build.0 = Release|Any CPU
	EndGlobalSection
	GlobalSection(SolutionProperties) = preSolution
		HideSolutionNode = FALSE
	EndGlobalSection
	GlobalSection(ExtensibilityGlobals) = postSolution
		SolutionGuid = {40EA4539-032D-4204-80C7-E2E388229302}
	EndGlobalSection
EndGlobal
