
Microsoft Visual Studio Solution File, Format Version 12.00
# Visual Studio Version 17
VisualStudioVersion = 17.4.33205.214
MinimumVisualStudioVersion = 10.0.40219.1
Project("{FAE04EC0-301F-11D3-BF4B-00C04F79EFBC}") = "Solid01_SingleResponsibility", "Solid01_SingleResponsibility.csproj", "{72910B10-272B-4765-99C3-A8A4BC6C2057}"
EndProject
Global
	GlobalSection(SolutionConfigurationPlatforms) = preSolution
		Debug|Any CPU = Debug|Any CPU
		Release|Any CPU = Release|Any CPU
	EndGlobalSection
	GlobalSection(ProjectConfigurationPlatforms) = postSolution
		{72910B10-272B-4765-99C3-A8A4BC6C2057}.Debug|Any CPU.ActiveCfg = Debug|Any CPU
		{72910B10-272B-4765-99C3-A8A4BC6C2057}.Debug|Any CPU.Build.0 = Debug|Any CPU
		{72910B10-272B-4765-99C3-A8A4BC6C2057}.Release|Any CPU.ActiveCfg = Release|Any CPU
		{72910B10-272B-4765-99C3-A8A4BC6C2057}.Release|Any CPU.Build.0 = Release|Any CPU
	EndGlobalSection
	GlobalSection(SolutionProperties) = preSolution
		HideSolutionNode = FALSE
	EndGlobalSection
	GlobalSection(ExtensibilityGlobals) = postSolution
		SolutionGuid = {6309E3A3-82AA-4C64-9200-CBFF96BC90D8}
	EndGlobalSection
EndGlobal
